
Microsoft Visual Studio Solution File, Format Version 12.00
# Visual Studio Version 16
VisualStudioVersion = 16.0.30114.105
MinimumVisualStudioVersion = 10.0.40219.1
Project("{FAE04EC0-301F-11D3-BF4B-00C04F79EFBC}") = "ArrayHelper", "ArrayHelper\ArrayHelper.csproj", "{DD4D0B5E-7A60-46AA-BEF2-56756F8D55CC}"
EndProject
Global
	GlobalSection(SolutionConfigurationPlatforms) = preSolution
		Debug|Any CPU = Debug|Any CPU
		Release|Any CPU = Release|Any CPU
	EndGlobalSection
	GlobalSection(ProjectConfigurationPlatforms) = postSolution
		{DD4D0B5E-7A60-46AA-BEF2-56756F8D55CC}.Debug|Any CPU.ActiveCfg = Debug|Any CPU
		{DD4D0B5E-7A60-46AA-BEF2-56756F8D55CC}.Debug|Any CPU.Build.0 = Debug|Any CPU
		{DD4D0B5E-7A60-46AA-BEF2-56756F8D55CC}.Release|Any CPU.ActiveCfg = Release|Any CPU
		{DD4D0B5E-7A60-46AA-BEF2-56756F8D55CC}.Release|Any CPU.Build.0 = Release|Any CPU
	EndGlobalSection
	GlobalSection(SolutionProperties) = preSolution
		HideSolutionNode = FALSE
	EndGlobalSection
	GlobalSection(ExtensibilityGlobals) = postSolution
		SolutionGuid = {4EB95EE2-1A64-4EF3-ACFC-3086824E6C88}
	EndGlobalSection
EndGlobal
